{"1.2.0",
[{<<"bear">>,{pkg,<<"bear">>,<<"0.9.0">>},2},
 {<<"bouncer_client">>,
  {git,"https://github.com/valitydev/bouncer_client_erlang.git",
       {ref,"535449a459b70643836c440a863b42656f2a1409"}},
  0},
 {<<"bouncer_proto">>,
  {git,"https://github.com/valitydev/bouncer-proto",
       {ref,"8da12fe98bc751e7f8f17f64ad4f571a6a63b0fe"}},
  1},
 {<<"cache">>,{pkg,<<"cache">>,<<"2.3.3">>},1},
 {<<"certifi">>,{pkg,<<"certifi">>,<<"2.8.0">>},2},
 {<<"cg_mon">>,
  {git,"https://github.com/valitydev/cg_mon.git",
       {ref,"5a87a37694e42b6592d3b4164ae54e0e87e24e18"}},
  1},
 {<<"cowboy">>,{pkg,<<"cowboy">>,<<"2.9.0">>},1},
 {<<"cowlib">>,{pkg,<<"cowlib">>,<<"2.11.0">>},2},
 {<<"erl_health">>,
  {git,"https://github.com/valitydev/erlang-health.git",
       {ref,"5958e2f35cd4d09f40685762b82b82f89b4d9333"}},
  0},
 {<<"folsom">>,
  {git,"https://github.com/folsom-project/folsom.git",
       {ref,"62fd0714e6f0b4e7833880afe371a9c882ea0fc2"}},
  1},
 {<<"genlib">>,
  {git,"https://github.com/valitydev/genlib.git",
       {ref,"82c5ff3866e3019eb347c7f1d8f1f847bed28c10"}},
  0},
 {<<"gproc">>,{pkg,<<"gproc">>,<<"0.9.0">>},1},
 {<<"hackney">>,{pkg,<<"hackney">>,<<"1.18.0">>},1},
 {<<"how_are_you">>,
  {git,"https://github.com/valitydev/how_are_you.git",
       {ref,"2fd8013420328464c2c84302af2781b86577b39f"}},
  0},
 {<<"idna">>,{pkg,<<"idna">>,<<"6.1.1">>},2},
 {<<"iosetopts">>,
  {git,"https://github.com/valitydev/iosetopts.git",
       {ref,"edb445c4a32b15a9b432dc66db5da4371ad71b69"}},
  0},
 {<<"jose">>,{pkg,<<"jose">>,<<"1.11.2">>},0},
 {<<"jsx">>,{pkg,<<"jsx">>,<<"3.1.0">>},0},
 {<<"logger_logstash_formatter">>,
  {git,"https://github.com/valitydev/logger_logstash_formatter.git",
       {ref,"2c7b71630527a932f2a1aef4edcec66863c1367a"}},
  0},
 {<<"machinery">>,
  {git,"https://github.com/valitydev/machinery.git",
       {ref,"db7c94b9913451e9558afa19f2fe77bf48d391da"}},
  0},
 {<<"metrics">>,{pkg,<<"metrics">>,<<"1.0.1">>},2},
 {<<"mg_proto">>,
  {git,"https://github.com/valitydev/machinegun-proto.git",
       {ref,"d814d6948d4ff13f6f41d12c6613f59c805750b2"}},
  1},
 {<<"mimerl">>,{pkg,<<"mimerl">>,<<"1.2.0">>},2},
 {<<"org_management_proto">>,
  {git,"https://github.com:valitydev/org-management-proto.git",
       {ref,"06c5c8430e445cb7874e54358e457cbb5697fc32"}},
  1},
 {<<"parse_trans">>,{pkg,<<"parse_trans">>,<<"3.3.1">>},2},
 {<<"ranch">>,{pkg,<<"ranch">>,<<"1.8.0">>},2},
 {<<"recon">>,{pkg,<<"recon">>,<<"2.5.2">>},0},
 {<<"scoper">>,
  {git,"https://github.com/valitydev/scoper.git",
       {ref,"7f3183df279bc8181efe58dafd9cae164f495e6f"}},
  0},
 {<<"snowflake">>,
  {git,"https://github.com/valitydev/snowflake.git",
       {ref,"de159486ef40cec67074afe71882bdc7f7deab72"}},
  0},
 {<<"ssl_verify_fun">>,{pkg,<<"ssl_verify_fun">>,<<"1.1.6">>},2},
 {<<"thrift">>,
  {git,"https://github.com/valitydev/thrift_erlang.git",
       {ref,"c280ff266ae1c1906fb0dcee8320bb8d8a4a3c75"}},
  0},
 {<<"token_keeper_proto">>,
  {git,"https://github.com/valitydev/token-keeper-proto.git",
       {ref,"8f7016f68692fc8e3141ba0fce2d47b6c8b6102a"}},
  0},
 {<<"unicode_util_compat">>,{pkg,<<"unicode_util_compat">>,<<"0.7.0">>},2},
 {<<"woody">>,
  {git,"https://github.com/valitydev/woody_erlang.git",
       {ref,"6f818c57e3b19f96260b1f968115c9bc5bcad4d2"}},
  0},
 {<<"woody_user_identity">>,
  {git,"https://github.com/valitydev/woody_erlang_user_identity.git",
       {ref,"a480762fea8d7c08f105fb39ca809482b6cb042e"}},
  0},
 {<<"yamerl">>,{pkg,<<"yamerl">>,<<"0.8.1">>},0}]}.
[
{pkg_hash,[
 {<<"bear">>, <<"A31CCF5361791DD5E708F4789D67E2FEF496C4F05935FC59ADC11622F834D128">>},
 {<<"cache">>, <<"B23A5FE7095445A88412A6E614C933377E0137B44FFED77C9B3FEF1A731A20B2">>},
 {<<"certifi">>, <<"D4FB0A6BB20B7C9C3643E22507E42F356AC090A1DCEA9AB99E27E0376D695EBA">>},
 {<<"cowboy">>, <<"865DD8B6607E14CF03282E10E934023A1BD8BE6F6BACF921A7E2A96D800CD452">>},
 {<<"cowlib">>, <<"0B9FF9C346629256C42EBE1EEB769A83C6CB771A6EE5960BD110AB0B9B872063">>},
 {<<"gproc">>, <<"853CCB7805E9ADA25D227A157BA966F7B34508F386A3E7E21992B1B484230699">>},
 {<<"hackney">>, <<"C4443D960BB9FBA6D01161D01CD81173089686717D9490E5D3606644C48D121F">>},
 {<<"idna">>, <<"8A63070E9F7D0C62EB9D9FCB360A7DE382448200FBBD1B106CC96D3D8099DF8D">>},
 {<<"jose">>, <<"F4C018CCF4FDCE22C71E44D471F15F723CB3EFAB5D909AB2BA202B5BF35557B3">>},
 {<<"jsx">>, <<"D12516BAA0BB23A59BB35DCCAF02A1BD08243FCBB9EFE24F2D9D056CCFF71268">>},
 {<<"metrics">>, <<"25F094DEA2CDA98213CECC3AEFF09E940299D950904393B2A29D191C346A8486">>},
 {<<"mimerl">>, <<"67E2D3F571088D5CFD3E550C383094B47159F3EEE8FFA08E64106CDF5E981BE3">>},
 {<<"parse_trans">>, <<"16328AB840CC09919BD10DAB29E431DA3AF9E9E7E7E6F0089DD5A2D2820011D8">>},
 {<<"ranch">>, <<"8C7A100A139FD57F17327B6413E4167AC559FBC04CA7448E9BE9057311597A1D">>},
 {<<"recon">>, <<"CBA53FA8DB83AD968C9A652E09C3ED7DDCC4DA434F27C3EAA9CA47FFB2B1FF03">>},
 {<<"ssl_verify_fun">>, <<"CF344F5692C82D2CD7554F5EC8FD961548D4FD09E7D22F5B62482E5AEAEBD4B0">>},
 {<<"unicode_util_compat">>, <<"BC84380C9AB48177092F43AC89E4DFA2C6D62B40B8BD132B1059ECC7232F9A78">>},
 {<<"yamerl">>, <<"07DA13FFA1D8E13948943789665C62CCD679DFA7B324A4A2ED3149DF17F453A4">>}]},
{pkg_hash_ext,[
 {<<"bear">>, <<"47F71F098F2E3CD05E124A896C5EC2F155967A2B6FF6731E0D627312CCAB7E28">>},
 {<<"cache">>, <<"44516CE6FA03594D3A2AF025DD3A87BFE711000EB730219E1DDEFC816E0AA2F4">>},
 {<<"certifi">>, <<"6AC7EFC1C6F8600B08D625292D4BBF584E14847CE1B6B5C44D983D273E1097EA">>},
 {<<"cowboy">>, <<"2C729F934B4E1AA149AFF882F57C6372C15399A20D54F65C8D67BEF583021BDE">>},
 {<<"cowlib">>, <<"2B3E9DA0B21C4565751A6D4901C20D1B4CC25CBB7FD50D91D2AB6DD287BC86A9">>},
 {<<"gproc">>, <<"587E8AF698CCD3504CF4BA8D90F893EDE2B0F58CABB8A916E2BF9321DE3CF10B">>},
 {<<"hackney">>, <<"9AFCDA620704D720DB8C6A3123E9848D09C87586DC1C10479C42627B905B5C5E">>},
 {<<"idna">>, <<"92376EB7894412ED19AC475E4A86F7B413C1B9FBB5BD16DCCD57934157944CEA">>},
 {<<"jose">>, <<"98143FBC48D55F3A18DABA82D34FE48959D44538E9697C08F34200FA5F0947D2">>},
 {<<"jsx">>, <<"0C5CC8FDC11B53CC25CF65AC6705AD39E54ECC56D1C22E4ADB8F5A53FB9427F3">>},
 {<<"metrics">>, <<"69B09ADDDC4F74A40716AE54D140F93BEB0FB8978D8636EADED0C31B6F099F16">>},
 {<<"mimerl">>, <<"F278585650AA581986264638EBF698F8BB19DF297F66AD91B18910DFC6E19323">>},
 {<<"parse_trans">>, <<"07CD9577885F56362D414E8C4C4E6BDF10D43A8767ABB92D24CBE8B24C54888B">>},
 {<<"ranch">>, <<"49FBCFD3682FAB1F5D109351B61257676DA1A2FDBE295904176D5E521A2DDFE5">>},
 {<<"recon">>, <<"2C7523C8DEE91DFF41F6B3D63CBA2BD49EB6D2FE5BF1EEC0DF7F87EB5E230E1C">>},
 {<<"ssl_verify_fun">>, <<"BDB0D2471F453C88FF3908E7686F86F9BE327D065CC1EC16FA4540197EA04680">>},
 {<<"unicode_util_compat">>, <<"25EEE6D67DF61960CF6A794239566599B09E17E668D3700247BC498638152521">>},
 {<<"yamerl">>, <<"96CB30F9D64344FED0EF8A92E9F16F207DE6C04DFFF4F366752CA79F5BCEB23F">>}]}
].
